
Microsoft Visual Studio Solution File, Format Version 12.00
# Visual Studio 15
VisualStudioVersion = 15.0.27703.2047
MinimumVisualStudioVersion = 10.0.40219.1
Project("{9A19103F-16F7-4668-BE54-9A1E7A4F7556}") = "coredemo", "coreproject\coredemo.csproj", "{50707D00-B59B-497A-B841-AFB42AE27CD3}"
EndProject
Project("{FAE04EC0-301F-11D3-BF4B-00C04F79EFBC}") = "XUnitTestProject1", "XUnitTestProject1\XUnitTestProject1.csproj", "{5FDC7F20-EE4A-472B-9FFA-18A1D849EAB5}"
EndProject
Global
	GlobalSection(SolutionConfigurationPlatforms) = preSolution
		Debug|Any CPU = Debug|Any CPU
		Release|Any CPU = Release|Any CPU
	EndGlobalSection
	GlobalSection(ProjectConfigurationPlatforms) = postSolution
		{50707D00-B59B-497A-B841-AFB42AE27CD3}.Debug|Any CPU.ActiveCfg = Debug|Any CPU
		{50707D00-B59B-497A-B841-AFB42AE27CD3}.Debug|Any CPU.Build.0 = Debug|Any CPU
		{50707D00-B59B-497A-B841-AFB42AE27CD3}.Release|Any CPU.ActiveCfg = Release|Any CPU
		{50707D00-B59B-497A-B841-AFB42AE27CD3}.Release|Any CPU.Build.0 = Release|Any CPU
		{5FDC7F20-EE4A-472B-9FFA-18A1D849EAB5}.Debug|Any CPU.ActiveCfg = Debug|Any CPU
		{5FDC7F20-EE4A-472B-9FFA-18A1D849EAB5}.Debug|Any CPU.Build.0 = Debug|Any CPU
		{5FDC7F20-EE4A-472B-9FFA-18A1D849EAB5}.Release|Any CPU.ActiveCfg = Release|Any CPU
		{5FDC7F20-EE4A-472B-9FFA-18A1D849EAB5}.Release|Any CPU.Build.0 = Release|Any CPU
	EndGlobalSection
	GlobalSection(SolutionProperties) = preSolution
		HideSolutionNode = FALSE
	EndGlobalSection
	GlobalSection(ExtensibilityGlobals) = postSolution
		SolutionGuid = {22A6B62A-8695-439D-8DDC-9B6C271DEF88}
	EndGlobalSection
EndGlobal
